
Microsoft Visual Studio Solution File, Format Version 12.00
# Visual Studio Version 17
VisualStudioVersion = 17.6.33815.320
MinimumVisualStudioVersion = 10.0.40219.1
Project("{FAE04EC0-301F-11D3-BF4B-00C04F79EFBC}") = "ahmad", "ahmad.csproj", "{2A9E6772-08F8-493F-890F-E792098462FE}"
EndProject
Project("{FAE04EC0-301F-11D3-BF4B-00C04F79EFBC}") = "TestProject12", "..\TestProject12\TestProject12.csproj", "{50286C5B-0C9E-4D1F-AE10-5BDAD8799AF1}"
EndProject
Global
	GlobalSection(SolutionConfigurationPlatforms) = preSolution
		Debug|Any CPU = Debug|Any CPU
		Release|Any CPU = Release|Any CPU
	EndGlobalSection
	GlobalSection(ProjectConfigurationPlatforms) = postSolution
		{2A9E6772-08F8-493F-890F-E792098462FE}.Debug|Any CPU.ActiveCfg = Debug|Any CPU
		{2A9E6772-08F8-493F-890F-E792098462FE}.Debug|Any CPU.Build.0 = Debug|Any CPU
		{2A9E6772-08F8-493F-890F-E792098462FE}.Release|Any CPU.ActiveCfg = Release|Any CPU
		{2A9E6772-08F8-493F-890F-E792098462FE}.Release|Any CPU.Build.0 = Release|Any CPU
		{50286C5B-0C9E-4D1F-AE10-5BDAD8799AF1}.Debug|Any CPU.ActiveCfg = Debug|Any CPU
		{50286C5B-0C9E-4D1F-AE10-5BDAD8799AF1}.Debug|Any CPU.Build.0 = Debug|Any CPU
		{50286C5B-0C9E-4D1F-AE10-5BDAD8799AF1}.Release|Any CPU.ActiveCfg = Release|Any CPU
		{50286C5B-0C9E-4D1F-AE10-5BDAD8799AF1}.Release|Any CPU.Build.0 = Release|Any CPU
	EndGlobalSection
	GlobalSection(SolutionProperties) = preSolution
		HideSolutionNode = FALSE
	EndGlobalSection
	GlobalSection(ExtensibilityGlobals) = postSolution
		SolutionGuid = {09793DD8-49E5-4F9D-9C7E-8B0C50E84D8A}
	EndGlobalSection
EndGlobal
